
Microsoft Visual Studio Solution File, Format Version 12.00
# Visual Studio Version 17
VisualStudioVersion = 17.14.36119.2 d17.14
MinimumVisualStudioVersion = 10.0.40219.1
Project("{FAE04EC0-301F-11D3-BF4B-00C04F79EFBC}") = "AppIntgration.API", "AppIntgration.API\AppIntgration.API.csproj", "{9CBB7C9D-08C5-4D4C-9E5A-B2EBB6F4D0F0}"
EndProject
Project("{FAE04EC0-301F-11D3-BF4B-00C04F79EFBC}") = "AppIntgration.Maui", "AppIntgration.Maui\AppIntgration.Maui.csproj", "{C2BDFCD3-B025-4F49-A39F-AFECAB569F39}"
EndProject
Project("{FAE04EC0-301F-11D3-BF4B-00C04F79EFBC}") = "AppIntgration.Shard", "AppIntgration.Shard\AppIntgration.Shard.csproj", "{BAB7D0C0-EFF8-43D8-9A96-BAA576E9C47A}"
EndProject
Global
	GlobalSection(SolutionConfigurationPlatforms) = preSolution
		Debug|Any CPU = Debug|Any CPU
		Release|Any CPU = Release|Any CPU
	EndGlobalSection
	GlobalSection(ProjectConfigurationPlatforms) = postSolution
		{9CBB7C9D-08C5-4D4C-9E5A-B2EBB6F4D0F0}.Debug|Any CPU.ActiveCfg = Debug|Any CPU
		{9CBB7C9D-08C5-4D4C-9E5A-B2EBB6F4D0F0}.Debug|Any CPU.Build.0 = Debug|Any CPU
		{9CBB7C9D-08C5-4D4C-9E5A-B2EBB6F4D0F0}.Release|Any CPU.ActiveCfg = Release|Any CPU
		{9CBB7C9D-08C5-4D4C-9E5A-B2EBB6F4D0F0}.Release|Any CPU.Build.0 = Release|Any CPU
		{C2BDFCD3-B025-4F49-A39F-AFECAB569F39}.Debug|Any CPU.ActiveCfg = Debug|Any CPU
		{C2BDFCD3-B025-4F49-A39F-AFECAB569F39}.Debug|Any CPU.Build.0 = Debug|Any CPU
		{C2BDFCD3-B025-4F49-A39F-AFECAB569F39}.Debug|Any CPU.Deploy.0 = Debug|Any CPU
		{C2BDFCD3-B025-4F49-A39F-AFECAB569F39}.Release|Any CPU.ActiveCfg = Release|Any CPU
		{C2BDFCD3-B025-4F49-A39F-AFECAB569F39}.Release|Any CPU.Build.0 = Release|Any CPU
		{C2BDFCD3-B025-4F49-A39F-AFECAB569F39}.Release|Any CPU.Deploy.0 = Release|Any CPU
		{BAB7D0C0-EFF8-43D8-9A96-BAA576E9C47A}.Debug|Any CPU.ActiveCfg = Debug|Any CPU
		{BAB7D0C0-EFF8-43D8-9A96-BAA576E9C47A}.Debug|Any CPU.Build.0 = Debug|Any CPU
		{BAB7D0C0-EFF8-43D8-9A96-BAA576E9C47A}.Release|Any CPU.ActiveCfg = Release|Any CPU
		{BAB7D0C0-EFF8-43D8-9A96-BAA576E9C47A}.Release|Any CPU.Build.0 = Release|Any CPU
	EndGlobalSection
	GlobalSection(SolutionProperties) = preSolution
		HideSolutionNode = FALSE
	EndGlobalSection
	GlobalSection(ExtensibilityGlobals) = postSolution
		SolutionGuid = {F9DA7FA6-D678-4312-B74E-4FEA68105ABB}
	EndGlobalSection
EndGlobal
